{
  "nodes": {
    "codex": {
      "inputs": {
        "flake-utils": "flake-utils",
        "nixpkgs": [
          "nixpkgs"
        ]
      },
      "locked": {
        "lastModified": 1784658824,
        "narHash": "sha256-TYW3rOz0V0NgXCTW+/GcdX5kNyRsMsxoS5FGRKmo0Jw=",
        "owner": "sadjow",
        "repo": "codex-cli-nix",
        "rev": "bd1773d0f796c93de7f4f00ea6c2469e95e44b62",
        "type": "github"
      },
      "original": {
        "owner": "sadjow",
        "repo": "codex-cli-nix",
        "type": "github"
      }
    },
    "entra-helper": {
      "inputs": {
        "nixpkgs": [
          "nixpkgs"
        ]
      },
      "locked": {
        "lastModified": 1784210357,
        "narHash": "sha256-Mvrw/GkCssdSpk1mia3oKvM1w2XNwG4Rd6ME2WswSwI=",
        "owner": "illumination-k",
        "repo": "entra-helper",
        "rev": "231d2bb579221e08a9bbdd5e8de1ee0e23a2e6c5",
        "type": "github"
      },
      "original": {
        "owner": "illumination-k",
        "repo": "entra-helper",
        "type": "github"
      }
    },
    "flake-utils": {
      "inputs": {
        "systems": "systems"
      },
      "locked": {
        "lastModified": 1731533236,
        "narHash": "sha256-l0KFg5HjrsfsO/JpG+r7fRrqm12kzFHyUHqHCVpMMbI=",
        "owner": "numtide",
        "repo": "flake-utils",
        "rev": "11707dc2f618dd54ca8739b309ec4fc024de578b",
        "type": "github"
      },
      "original": {
        "owner": "numtide",
        "repo": "flake-utils",
        "type": "github"
      }
    },
    "home-manager": {
      "inputs": {
        "nixpkgs": [
          "nixpkgs"
        ]
      },
      "locked": {
        "lastModified": 1784913159,
        "narHash": "sha256-JWq0BfjO4ktpH5USfQNQzdvHpIDT8fSKD5K7LvdMRFs=",
        "owner": "nix-community",
        "repo": "home-manager",
        "rev": "079a3b5d1aa6a719920a51316253b7d6dd22738d",
        "type": "github"
      },
      "original": {
        "owner": "nix-community",
        "repo": "home-manager",
        "type": "github"
      }
    },
    "nixpkgs": {
      "locked": {
        "lastModified": 1784783405,
        "narHash": "sha256-4IHyyLgLBdKefkljdKod4IMn023pQiDXAWJA187cmdY=",
        "owner": "nixos",
        "repo": "nixpkgs",
        "rev": "7525d999cd850b9a488817abc89c75dc733acf17",
        "type": "github"
      },
      "original": {
        "owner": "nixos",
        "ref": "nixpkgs-unstable",
        "repo": "nixpkgs",
        "type": "github"
      }
    },
    "root": {
      "inputs": {
        "codex": "codex",
        "entra-helper": "entra-helper",
        "home-manager": "home-manager",
        "nixpkgs": "nixpkgs"
      }
    },
    "systems": {
      "locked": {
        "lastModified": 1681028828,
        "narHash": "sha256-Vy1rq5AaRuLzOxct8nz4T6wlgyUR7zLU309k9mBC768=",
        "owner": "nix-systems",
        "repo": "default",
        "rev": "da67096a3b9bf56a91d16901293e51ba5b49a27e",
        "type": "github"
      },
      "original": {
        "owner": "nix-systems",
        "repo": "default",
        "type": "github"
      }
    }
  },
  "root": "root",
  "version": 7
}
