{
  "nodes": {
    "codex": {
      "inputs": {
        "flake-utils": "flake-utils",
        "nixpkgs": [
          "nixpkgs"
        ]
      },
      "locked": {
        "lastModified": 1787260212,
        "narHash": "sha256-cd9PhHDHLOmZEGqRd+zQPGNJHCtFrFWzIreM5IVbwVQ=",
        "owner": "sadjow",
        "repo": "codex-cli-nix",
        "rev": "36fefe14f5549c2751afa313bfcc8582eb025707",
        "type": "github"
      },
      "original": {
        "owner": "sadjow",
        "repo": "codex-cli-nix",
        "type": "github"
      }
    },
    "entra-helper": {
      "inputs": {
        "nixpkgs": [
          "nixpkgs"
        ]
      },
      "locked": {
        "lastModified": 1784210357,
        "narHash": "sha256-Mvrw/GkCssdSpk1mia3oKvM1w2XNwG4Rd6ME2WswSwI=",
        "owner": "illumination-k",
        "repo": "entra-helper",
        "rev": "231d2bb579221e08a9bbdd5e8de1ee0e23a2e6c5",
        "type": "github"
      },
      "original": {
        "owner": "illumination-k",
        "repo": "entra-helper",
        "type": "github"
      }
    },
    "flake-utils": {
      "inputs": {
        "systems": "systems"
      },
      "locked": {
        "lastModified": 1731533236,
        "narHash": "sha256-l0KFg5HjrsfsO/JpG+r7fRrqm12kzFHyUHqHCVpMMbI=",
        "owner": "numtide",
        "repo": "flake-utils",
        "rev": "11707dc2f618dd54ca8739b309ec4fc024de578b",
        "type": "github"
      },
      "original": {
        "owner": "numtide",
        "repo": "flake-utils",
        "type": "github"
      }
    },
    "home-manager": {
      "inputs": {
        "nixpkgs": [
          "nixpkgs"
        ]
      },
      "locked": {
        "lastModified": 1787176219,
        "narHash": "sha256-djoRr6jBpe35q/0JwAvXpFXg1Ktf+X54NU2RLR7wnHw=",
        "owner": "nix-community",
        "repo": "home-manager",
        "rev": "c53d643b3737e2fcd04e6cb3b3580ef50b2087a0",
        "type": "github"
      },
      "original": {
        "owner": "nix-community",
        "repo": "home-manager",
        "type": "github"
      }
    },
    "nixpkgs": {
      "locked": {
        "lastModified": 1787209939,
        "narHash": "sha256-WvvHR4kSQLAbtouMC/ruZ5UpLwlUcY3K4FAllMN+yGk=",
        "owner": "nixos",
        "repo": "nixpkgs",
        "rev": "391b592eb44808b3bd0cb80bb71b63a5a118b8bb",
        "type": "github"
      },
      "original": {
        "owner": "nixos",
        "ref": "nixpkgs-unstable",
        "repo": "nixpkgs",
        "type": "github"
      }
    },
    "root": {
      "inputs": {
        "codex": "codex",
        "entra-helper": "entra-helper",
        "home-manager": "home-manager",
        "nixpkgs": "nixpkgs"
      }
    },
    "systems": {
      "locked": {
        "lastModified": 1681028828,
        "narHash": "sha256-Vy1rq5AaRuLzOxct8nz4T6wlgyUR7zLU309k9mBC768=",
        "owner": "nix-systems",
        "repo": "default",
        "rev": "da67096a3b9bf56a91d16901293e51ba5b49a27e",
        "type": "github"
      },
      "original": {
        "owner": "nix-systems",
        "repo": "default",
        "type": "github"
      }
    }
  },
  "root": "root",
  "version": 7
}
